
Microsoft Visual Studio Solution File, Format Version 12.00
# Visual Studio Version 16
VisualStudioVersion = 16.0.29519.181
MinimumVisualStudioVersion = 10.0.40219.1
Project("{FAE04EC0-301F-11D3-BF4B-00C04F79EFBC}") = "Notatnik", "Notatnik\Notatnik.csproj", "{1FB25D0A-7B89-47D7-89A5-8DAB38B865AB}"
EndProject
Global
	GlobalSection(SolutionConfigurationPlatforms) = preSolution
		Debug|Any CPU = Debug|Any CPU
		Release|Any CPU = Release|Any CPU
	EndGlobalSection
	GlobalSection(ProjectConfigurationPlatforms) = postSolution
		{1FB25D0A-7B89-47D7-89A5-8DAB38B865AB}.Debug|Any CPU.ActiveCfg = Debug|Any CPU
		{1FB25D0A-7B89-47D7-89A5-8DAB38B865AB}.Debug|Any CPU.Build.0 = Debug|Any CPU
		{1FB25D0A-7B89-47D7-89A5-8DAB38B865AB}.Release|Any CPU.ActiveCfg = Release|Any CPU
		{1FB25D0A-7B89-47D7-89A5-8DAB38B865AB}.Release|Any CPU.Build.0 = Release|Any CPU
	EndGlobalSection
	GlobalSection(SolutionProperties) = preSolution
		HideSolutionNode = FALSE
	EndGlobalSection
	GlobalSection(ExtensibilityGlobals) = postSolution
		SolutionGuid = {8013165A-DF73-4590-A5D0-42F8CF916D1F}
	EndGlobalSection
EndGlobal
